
Microsoft Visual Studio Solution File, Format Version 12.00
# Visual Studio Version 17
VisualStudioVersion = 17.5.33627.172
MinimumVisualStudioVersion = 10.0.40219.1
Project("{FAE04EC0-301F-11D3-BF4B-00C04F79EFBC}") = "OrganicProductSaleManagementV3", "OrganicProductSaleManagementV3.csproj", "{F4C78D24-7A9B-4A8D-A9DB-4A8E7600ECCE}"
EndProject
Project("{2150E333-8FDC-42A3-9474-1A3956D46DE8}") = "Solution Items", "Solution Items", "{1DCADCB5-B133-45D9-9872-06A060462313}"
	ProjectSection(SolutionItems) = preProject
		.editorconfig = .editorconfig
	EndProjectSection
EndProject
Global
	GlobalSection(SolutionConfigurationPlatforms) = preSolution
		Debug|Any CPU = Debug|Any CPU
		Release|Any CPU = Release|Any CPU
	EndGlobalSection
	GlobalSection(ProjectConfigurationPlatforms) = postSolution
		{F4C78D24-7A9B-4A8D-A9DB-4A8E7600ECCE}.Debug|Any CPU.ActiveCfg = Debug|Any CPU
		{F4C78D24-7A9B-4A8D-A9DB-4A8E7600ECCE}.Debug|Any CPU.Build.0 = Debug|Any CPU
		{F4C78D24-7A9B-4A8D-A9DB-4A8E7600ECCE}.Release|Any CPU.ActiveCfg = Release|Any CPU
		{F4C78D24-7A9B-4A8D-A9DB-4A8E7600ECCE}.Release|Any CPU.Build.0 = Release|Any CPU
	EndGlobalSection
	GlobalSection(SolutionProperties) = preSolution
		HideSolutionNode = FALSE
	EndGlobalSection
	GlobalSection(ExtensibilityGlobals) = postSolution
		SolutionGuid = {881F5852-2471-44DB-97A2-8F664A529B9A}
	EndGlobalSection
EndGlobal
